
Microsoft Visual Studio Solution File, Format Version 12.00
Project("{FAE04EC0-301F-11D3-BF4B-00C04F79EFBC}") = "PocSite", "PocSite\PocSite.csproj", "{1CE8B0D9-A13D-4975-B142-8B69C27FD5B8}"
EndProject
Global
	GlobalSection(SolutionConfigurationPlatforms) = preSolution
		Debug|Any CPU = Debug|Any CPU
		Release|Any CPU = Release|Any CPU
	EndGlobalSection
	GlobalSection(ProjectConfigurationPlatforms) = postSolution
		{1CE8B0D9-A13D-4975-B142-8B69C27FD5B8}.Debug|Any CPU.ActiveCfg = Debug|Any CPU
		{1CE8B0D9-A13D-4975-B142-8B69C27FD5B8}.Debug|Any CPU.Build.0 = Debug|Any CPU
		{1CE8B0D9-A13D-4975-B142-8B69C27FD5B8}.Release|Any CPU.ActiveCfg = Release|Any CPU
		{1CE8B0D9-A13D-4975-B142-8B69C27FD5B8}.Release|Any CPU.Build.0 = Release|Any CPU
	EndGlobalSection
EndGlobal
